// !$*UTF8*$!
{
	archiveVersion = 1;
	classes = {
	};
	objectVersion = 50;
	objects = {

/* Begin PBXBuildFile section */
		16383CB825BC68B0000E012A /* EditView.swift in Sources */ = {isa = PBXBuildFile; fileRef = 16383CB725BC68B0000E012A /* EditView.swift */; };
		165FE04D25BD9A85005B08CF /* MeetingHeaderView.swift in Sources */ = {isa = PBXBuildFile; fileRef = 165FE04C25BD9A85005B08CF /* MeetingHeaderView.swift */; };
		165FE05125BDA1A3005B08CF /* ScrumProgressViewStyle.swift in Sources */ = {isa = PBXBuildFile; fileRef = 165FE05025BDA1A3005B08CF /* ScrumProgressViewStyle.swift */; };
		165FE05525BDA4DE005B08CF /* ScrumTimer.swift in Sources */ = {isa = PBXBuildFile; fileRef = 165FE05425BDA4DE005B08CF /* ScrumTimer.swift */; };
		165FE05825BDACC8005B08CF /* MeetingFooterView.swift in Sources */ = {isa = PBXBuildFile; fileRef = 165FE05725BDACC8005B08CF /* MeetingFooterView.swift */; };
		165FE06125BDB5BE005B08CF /* AVPlayer+Ding.swift in Sources */ = {isa = PBXBuildFile; fileRef = 165FE06025BDB5BE005B08CF /* AVPlayer+Ding.swift */; };
		165FE06525BDB60C005B08CF /* ding.wav in Resources */ = {isa = PBXBuildFile; fileRef = 165FE06425BDB60C005B08CF /* ding.wav */; };
		16620F2625BB1993007A6E55 /* DetailView.swift in Sources */ = {isa = PBXBuildFile; fileRef = 16620F2525BB1993007A6E55 /* DetailView.swift */; };
		16BA758025B3CFF300836A61 /* ScrumdingerApp.swift in Sources */ = {isa = PBXBuildFile; fileRef = 16BA757F25B3CFF300836A61 /* ScrumdingerApp.swift */; };
		16BA758225B3CFF300836A61 /* MeetingView.swift in Sources */ = {isa = PBXBuildFile; fileRef = 16BA758125B3CFF300836A61 /* MeetingView.swift */; };
		16BA758425B3CFF800836A61 /* Assets.xcassets in Resources */ = {isa = PBXBuildFile; fileRef = 16BA758325B3CFF800836A61 /* Assets.xcassets */; };
		16BA758725B3CFF800836A61 /* Preview Assets.xcassets in Resources */ = {isa = PBXBuildFile; fileRef = 16BA758625B3CFF800836A61 /* Preview Assets.xcassets */; };
		16CB2B8725B9A7C900B39A03 /* ScrumsView.swift in Sources */ = {isa = PBXBuildFile; fileRef = 16CB2B8625B9A7C900B39A03 /* ScrumsView.swift */; };
		16DD740925BEFF99007C74D8 /* History.swift in Sources */ = {isa = PBXBuildFile; fileRef = 16DD740825BEFF99007C74D8 /* History.swift */; };
		16FA3ADE25B6FF83005A70A1 /* DailyScrum.swift in Sources */ = {isa = PBXBuildFile; fileRef = 16FA3ADD25B6FF83005A70A1 /* DailyScrum.swift */; };
		16FA3AE125B70189005A70A1 /* CardView.swift in Sources */ = {isa = PBXBuildFile; fileRef = 16FA3AE025B70189005A70A1 /* CardView.swift */; };
		16FA3AE525B708B1005A70A1 /* Color+Codable.swift in Sources */ = {isa = PBXBuildFile; fileRef = 16FA3AE425B708B1005A70A1 /* Color+Codable.swift */; };
/* End PBXBuildFile section */

/* Begin PBXFileReference section */
		16383CB725BC68B0000E012A /* EditView.swift */ = {isa = PBXFileReference; lastKnownFileType = sourcecode.swift; path = EditView.swift; sourceTree = "<group>"; };
		165FE04C25BD9A85005B08CF /* MeetingHeaderView.swift */ = {isa = PBXFileReference; lastKnownFileType = sourcecode.swift; path = MeetingHeaderView.swift; sourceTree = "<group>"; };
		165FE05025BDA1A3005B08CF /* ScrumProgressViewStyle.swift */ = {isa = PBXFileReference; lastKnownFileType = sourcecode.swift; path = ScrumProgressViewStyle.swift; sourceTree = "<group>"; };
		165FE05425BDA4DE005B08CF /* ScrumTimer.swift */ = {isa = PBXFileReference; fileEncoding = 4; lastKnownFileType = sourcecode.swift; path = ScrumTimer.swift; sourceTree = "<group>"; };
		165FE05725BDACC8005B08CF /* MeetingFooterView.swift */ = {isa = PBXFileReference; lastKnownFileType = sourcecode.swift; path = MeetingFooterView.swift; sourceTree = "<group>"; };
		165FE06025BDB5BE005B08CF /* AVPlayer+Ding.swift */ = {isa = PBXFileReference; fileEncoding = 4; lastKnownFileType = sourcecode.swift; path = "AVPlayer+Ding.swift"; sourceTree = "<group>"; };
		165FE06425BDB60C005B08CF /* ding.wav */ = {isa = PBXFileReference; lastKnownFileType = audio.wav; path = ding.wav; sourceTree = "<group>"; };
		16620F2525BB1993007A6E55 /* DetailView.swift */ = {isa = PBXFileReference; lastKnownFileType = sourcecode.swift; path = DetailView.swift; sourceTree = "<group>"; };
		16BA757C25B3CFF300836A61 /* Scrumdinger.app */ = {isa = PBXFileReference; explicitFileType = wrapper.application; includeInIndex = 0; path = Scrumdinger.app; sourceTree = BUILT_PRODUCTS_DIR; };
		16BA757F25B3CFF300836A61 /* ScrumdingerApp.swift */ = {isa = PBXFileReference; lastKnownFileType = sourcecode.swift; path = ScrumdingerApp.swift; sourceTree = "<group>"; };
		16BA758125B3CFF300836A61 /* MeetingView.swift */ = {isa = PBXFileReference; lastKnownFileType = sourcecode.swift; path = MeetingView.swift; sourceTree = "<group>"; };
		16BA758325B3CFF800836A61 /* Assets.xcassets */ = {isa = PBXFileReference; lastKnownFileType = folder.assetcatalog; path = Assets.xcassets; sourceTree = "<group>"; };
		16BA758625B3CFF800836A61 /* Preview Assets.xcassets */ = {isa = PBXFileReference; lastKnownFileType = folder.assetcatalog; path = "Preview Assets.xcassets"; sourceTree = "<group>"; };
		16BA758825B3CFF800836A61 /* Info.plist */ = {isa = PBXFileReference; lastKnownFileType = text.plist.xml; path = Info.plist; sourceTree = "<group>"; };
		16CB2B8625B9A7C900B39A03 /* ScrumsView.swift */ = {isa = PBXFileReference; lastKnownFileType = sourcecode.swift; path = ScrumsView.swift; sourceTree = "<group>"; };
		16DD740825BEFF99007C74D8 /* History.swift */ = {isa = PBXFileReference; fileEncoding = 4; lastKnownFileType = sourcecode.swift; path = History.swift; sourceTree = "<group>"; };
		16FA3ADD25B6FF83005A70A1 /* DailyScrum.swift */ = {isa = PBXFileReference; lastKnownFileType = sourcecode.swift; path = DailyScrum.swift; sourceTree = "<group>"; };
		16FA3AE025B70189005A70A1 /* CardView.swift */ = {isa = PBXFileReference; lastKnownFileType = sourcecode.swift; path = CardView.swift; sourceTree = "<group>"; };
		16FA3AE425B708B1005A70A1 /* Color+Codable.swift */ = {isa = PBXFileReference; lastKnownFileType = sourcecode.swift; path = "Color+Codable.swift"; sourceTree = "<group>"; };
/* End PBXFileReference section */

/* Begin PBXFrameworksBuildPhase section */
		16BA757925B3CFF300836A61 /* Frameworks */ = {
			isa = PBXFrameworksBuildPhase;
			buildActionMask = 2147483647;
			files = (
			);
			runOnlyForDeploymentPostprocessing = 0;
		};
/* End PBXFrameworksBuildPhase section */

/* Begin PBXGroup section */
		165FE05B25BDACD6005B08CF /* Supports */ = {
			isa = PBXGroup;
			children = (
				165FE05025BDA1A3005B08CF /* ScrumProgressViewStyle.swift */,
			);
			path = Supports;
			sourceTree = "<group>";
		};
		165FE06325BDB5FA005B08CF /* Resources */ = {
			isa = PBXGroup;
			children = (
				165FE06425BDB60C005B08CF /* ding.wav */,
			);
			path = Resources;
			sourceTree = "<group>";
		};
		16BA757325B3CFF300836A61 = {
			isa = PBXGroup;
			children = (
				16BA757E25B3CFF300836A61 /* Scrumdinger */,
				16BA757D25B3CFF300836A61 /* Products */,
			);
			sourceTree = "<group>";
		};
		16BA757D25B3CFF300836A61 /* Products */ = {
			isa = PBXGroup;
			children = (
				16BA757C25B3CFF300836A61 /* Scrumdinger.app */,
			);
			name = Products;
			sourceTree = "<group>";
		};
		16BA757E25B3CFF300836A61 /* Scrumdinger */ = {
			isa = PBXGroup;
			children = (
				16BA757F25B3CFF300836A61 /* ScrumdingerApp.swift */,
				165FE06325BDB5FA005B08CF /* Resources */,
				16FA3ADC25B6FF6F005A70A1 /* Models */,
				16CB2B8325B9A78700B39A03 /* Views */,
				16BA758325B3CFF800836A61 /* Assets.xcassets */,
				16BA758825B3CFF800836A61 /* Info.plist */,
				16BA758525B3CFF800836A61 /* Preview Content */,
			);
			path = Scrumdinger;
			sourceTree = "<group>";
		};
		16BA758525B3CFF800836A61 /* Preview Content */ = {
			isa = PBXGroup;
			children = (
				16BA758625B3CFF800836A61 /* Preview Assets.xcassets */,
			);
			path = "Preview Content";
			sourceTree = "<group>";
		};
		16CB2B8325B9A78700B39A03 /* Views */ = {
			isa = PBXGroup;
			children = (
				165FE05B25BDACD6005B08CF /* Supports */,
				16CB2B8625B9A7C900B39A03 /* ScrumsView.swift */,
				16FA3AE025B70189005A70A1 /* CardView.swift */,
				16620F2525BB1993007A6E55 /* DetailView.swift */,
				16BA758125B3CFF300836A61 /* MeetingView.swift */,
				165FE04C25BD9A85005B08CF /* MeetingHeaderView.swift */,
				165FE05725BDACC8005B08CF /* MeetingFooterView.swift */,
				16383CB725BC68B0000E012A /* EditView.swift */,
			);
			path = Views;
			sourceTree = "<group>";
		};
		16FA3ADC25B6FF6F005A70A1 /* Models */ = {
			isa = PBXGroup;
			children = (
				16DD740825BEFF99007C74D8 /* History.swift */,
				16FA3ADD25B6FF83005A70A1 /* DailyScrum.swift */,
				165FE05425BDA4DE005B08CF /* ScrumTimer.swift */,
				16FA3AE425B708B1005A70A1 /* Color+Codable.swift */,
				165FE06025BDB5BE005B08CF /* AVPlayer+Ding.swift */,
			);
			path = Models;
			sourceTree = "<group>";
		};
/* End PBXGroup section */

/* Begin PBXNativeTarget section */
		16BA757B25B3CFF300836A61 /* Scrumdinger */ = {
			isa = PBXNativeTarget;
			buildConfigurationList = 16BA758B25B3CFF800836A61 /* Build configuration list for PBXNativeTarget "Scrumdinger" */;
			buildPhases = (
				16BA757825B3CFF300836A61 /* Sources */,
				16BA757925B3CFF300836A61 /* Frameworks */,
				16BA757A25B3CFF300836A61 /* Resources */,
			);
			buildRules = (
			);
			dependencies = (
			);
			name = Scrumdinger;
			productName = Scrumdinger;
			productReference = 16BA757C25B3CFF300836A61 /* Scrumdinger.app */;
			productType = "com.apple.product-type.application";
		};
/* End PBXNativeTarget section */

/* Begin PBXProject section */
		16BA757425B3CFF300836A61 /* Project object */ = {
			isa = PBXProject;
			attributes = {
				LastSwiftUpdateCheck = 1230;
				LastUpgradeCheck = 1230;
				TargetAttributes = {
					16BA757B25B3CFF300836A61 = {
						CreatedOnToolsVersion = 12.3;
					};
				};
			};
			buildConfigurationList = 16BA757725B3CFF300836A61 /* Build configuration list for PBXProject "Scrumdinger" */;
			compatibilityVersion = "Xcode 9.3";
			developmentRegion = en;
			hasScannedForEncodings = 0;
			knownRegions = (
				en,
				Base,
			);
			mainGroup = 16BA757325B3CFF300836A61;
			productRefGroup = 16BA757D25B3CFF300836A61 /* Products */;
			projectDirPath = "";
			projectRoot = "";
			targets = (
				16BA757B25B3CFF300836A61 /* Scrumdinger */,
			);
		};
/* End PBXProject section */

/* Begin PBXResourcesBuildPhase section */
		16BA757A25B3CFF300836A61 /* Resources */ = {
			isa = PBXResourcesBuildPhase;
			buildActionMask = 2147483647;
			files = (
				165FE06525BDB60C005B08CF /* ding.wav in Resources */,
				16BA758725B3CFF800836A61 /* Preview Assets.xcassets in Resources */,
				16BA758425B3CFF800836A61 /* Assets.xcassets in Resources */,
			);
			runOnlyForDeploymentPostprocessing = 0;
		};
/* End PBXResourcesBuildPhase section */

/* Begin PBXSourcesBuildPhase section */
		16BA757825B3CFF300836A61 /* Sources */ = {
			isa = PBXSourcesBuildPhase;
			buildActionMask = 2147483647;
			files = (
				16BA758225B3CFF300836A61 /* MeetingView.swift in Sources */,
				16CB2B8725B9A7C900B39A03 /* ScrumsView.swift in Sources */,
				16DD740925BEFF99007C74D8 /* History.swift in Sources */,
				16383CB825BC68B0000E012A /* EditView.swift in Sources */,
				165FE06125BDB5BE005B08CF /* AVPlayer+Ding.swift in Sources */,
				165FE04D25BD9A85005B08CF /* MeetingHeaderView.swift in Sources */,
				16FA3ADE25B6FF83005A70A1 /* DailyScrum.swift in Sources */,
				165FE05825BDACC8005B08CF /* MeetingFooterView.swift in Sources */,
				16620F2625BB1993007A6E55 /* DetailView.swift in Sources */,
				165FE05525BDA4DE005B08CF /* ScrumTimer.swift in Sources */,
				16FA3AE125B70189005A70A1 /* CardView.swift in Sources */,
				16FA3AE525B708B1005A70A1 /* Color+Codable.swift in Sources */,
				165FE05125BDA1A3005B08CF /* ScrumProgressViewStyle.swift in Sources */,
				16BA758025B3CFF300836A61 /* ScrumdingerApp.swift in Sources */,
			);
			runOnlyForDeploymentPostprocessing = 0;
		};
/* End PBXSourcesBuildPhase section */

/* Begin XCBuildConfiguration section */
		16BA758925B3CFF800836A61 /* Debug */ = {
			isa = XCBuildConfiguration;
			buildSettings = {
				ALWAYS_SEARCH_USER_PATHS = NO;
				CLANG_ANALYZER_NONNULL = YES;
				CLANG_ANALYZER_NUMBER_OBJECT_CONVERSION = YES_AGGRESSIVE;
				CLANG_CXX_LANGUAGE_STANDARD = "gnu++14";
				CLANG_CXX_LIBRARY = "libc++";
				CLANG_ENABLE_MODULES = YES;
				CLANG_ENABLE_OBJC_ARC = YES;
				CLANG_ENABLE_OBJC_WEAK = YES;
				CLANG_WARN_BLOCK_CAPTURE_AUTORELEASING = YES;
				CLANG_WARN_BOOL_CONVERSION = YES;
				CLANG_WARN_COMMA = YES;
				CLANG_WARN_CONSTANT_CONVERSION = YES;
				CLANG_WARN_DEPRECATED_OBJC_IMPLEMENTATIONS = YES;
				CLANG_WARN_DIRECT_OBJC_ISA_USAGE = YES_ERROR;
				CLANG_WARN_DOCUMENTATION_COMMENTS = YES;
				CLANG_WARN_EMPTY_BODY = YES;
				CLANG_WARN_ENUM_CONVERSION = YES;
				CLANG_WARN_INFINITE_RECURSION = YES;
				CLANG_WARN_INT_CONVERSION = YES;
				CLANG_WARN_NON_LITERAL_NULL_CONVERSION = YES;
				CLANG_WARN_OBJC_IMPLICIT_RETAIN_SELF = YES;
				CLANG_WARN_OBJC_LITERAL_CONVERSION = YES;
				CLANG_WARN_OBJC_ROOT_CLASS = YES_ERROR;
				CLANG_WARN_QUOTED_INCLUDE_IN_FRAMEWORK_HEADER = YES;
				CLANG_WARN_RANGE_LOOP_ANALYSIS = YES;
				CLANG_WARN_STRICT_PROTOTYPES = YES;
				CLANG_WARN_SUSPICIOUS_MOVE = YES;
				CLANG_WARN_UNGUARDED_AVAILABILITY = YES_AGGRESSIVE;
				CLANG_WARN_UNREACHABLE_CODE = YES;
				CLANG_WARN__DUPLICATE_METHOD_MATCH = YES;
				COPY_PHASE_STRIP = NO;
				DEBUG_INFORMATION_FORMAT = dwarf;
				ENABLE_STRICT_OBJC_MSGSEND = YES;
				ENABLE_TESTABILITY = YES;
				GCC_C_LANGUAGE_STANDARD = gnu11;
				GCC_DYNAMIC_NO_PIC = NO;
				GCC_NO_COMMON_BLOCKS = YES;
				GCC_OPTIMIZATION_LEVEL = 0;
				GCC_PREPROCESSOR_DEFINITIONS = (
					"DEBUG=1",
					"$(inherited)",
				);
				GCC_WARN_64_TO_32_BIT_CONVERSION = YES;
				GCC_WARN_ABOUT_RETURN_TYPE = YES_ERROR;
				GCC_WARN_UNDECLARED_SELECTOR = YES;
				GCC_WARN_UNINITIALIZED_AUTOS = YES_AGGRESSIVE;
				GCC_WARN_UNUSED_FUNCTION = YES;
				GCC_WARN_UNUSED_VARIABLE = YES;
				IPHONEOS_DEPLOYMENT_TARGET = 14.3;
				MTL_ENABLE_DEBUG_INFO = INCLUDE_SOURCE;
				MTL_FAST_MATH = YES;
				ONLY_ACTIVE_ARCH = YES;
				SDKROOT = iphoneos;
				SWIFT_ACTIVE_COMPILATION_CONDITIONS = DEBUG;
				SWIFT_OPTIMIZATION_LEVEL = "-Onone";
			};
			name = Debug;
		};
		16BA758A25B3CFF800836A61 /* Release */ = {
			isa = XCBuildConfiguration;
			buildSettings = {
				ALWAYS_SEARCH_USER_PATHS = NO;
				CLANG_ANALYZER_NONNULL = YES;
				CLANG_ANALYZER_NUMBER_OBJECT_CONVERSION = YES_AGGRESSIVE;
				CLANG_CXX_LANGUAGE_STANDARD = "gnu++14";
				CLANG_CXX_LIBRARY = "libc++";
				CLANG_ENABLE_MODULES = YES;
				CLANG_ENABLE_OBJC_ARC = YES;
				CLANG_ENABLE_OBJC_WEAK = YES;
				CLANG_WARN_BLOCK_CAPTURE_AUTORELEASING = YES;
				CLANG_WARN_BOOL_CONVERSION = YES;
				CLANG_WARN_COMMA = YES;
				CLANG_WARN_CONSTANT_CONVERSION = YES;
				CLANG_WARN_DEPRECATED_OBJC_IMPLEMENTATIONS = YES;
				CLANG_WARN_DIRECT_OBJC_ISA_USAGE = YES_ERROR;
				CLANG_WARN_DOCUMENTATION_COMMENTS = YES;
				CLANG_WARN_EMPTY_BODY = YES;
				CLANG_WARN_ENUM_CONVERSION = YES;
				CLANG_WARN_INFINITE_RECURSION = YES;
				CLANG_WARN_INT_CONVERSION = YES;
				CLANG_WARN_NON_LITERAL_NULL_CONVERSION = YES;
				CLANG_WARN_OBJC_IMPLICIT_RETAIN_SELF = YES;
				CLANG_WARN_OBJC_LITERAL_CONVERSION = YES;
				CLANG_WARN_OBJC_ROOT_CLASS = YES_ERROR;
				CLANG_WARN_QUOTED_INCLUDE_IN_FRAMEWORK_HEADER = YES;
				CLANG_WARN_RANGE_LOOP_ANALYSIS = YES;
				CLANG_WARN_STRICT_PROTOTYPES = YES;
				CLANG_WARN_SUSPICIOUS_MOVE = YES;
				CLANG_WARN_UNGUARDED_AVAILABILITY = YES_AGGRESSIVE;
				CLANG_WARN_UNREACHABLE_CODE = YES;
				CLANG_WARN__DUPLICATE_METHOD_MATCH = YES;
				COPY_PHASE_STRIP = NO;
				DEBUG_INFORMATION_FORMAT = "dwarf-with-dsym";
				ENABLE_NS_ASSERTIONS = NO;
				ENABLE_STRICT_OBJC_MSGSEND = YES;
				GCC_C_LANGUAGE_STANDARD = gnu11;
				GCC_NO_COMMON_BLOCKS = YES;
				GCC_WARN_64_TO_32_BIT_CONVERSION = YES;
				GCC_WARN_ABOUT_RETURN_TYPE = YES_ERROR;
				GCC_WARN_UNDECLARED_SELECTOR = YES;
				GCC_WARN_UNINITIALIZED_AUTOS = YES_AGGRESSIVE;
				GCC_WARN_UNUSED_FUNCTION = YES;
				GCC_WARN_UNUSED_VARIABLE = YES;
				IPHONEOS_DEPLOYMENT_TARGET = 14.3;
				MTL_ENABLE_DEBUG_INFO = NO;
				MTL_FAST_MATH = YES;
				SDKROOT = iphoneos;
				SWIFT_COMPILATION_MODE = wholemodule;
				SWIFT_OPTIMIZATION_LEVEL = "-O";
				VALIDATE_PRODUCT = YES;
			};
			name = Release;
		};
		16BA758C25B3CFF800836A61 /* Debug */ = {
			isa = XCBuildConfiguration;
			buildSettings = {
				ASSETCATALOG_COMPILER_APPICON_NAME = AppIcon;
				ASSETCATALOG_COMPILER_GLOBAL_ACCENT_COLOR_NAME = AccentColor;
				CODE_SIGN_STYLE = Automatic;
				DEVELOPMENT_ASSET_PATHS = "\"Scrumdinger/Preview Content\"";
				DEVELOPMENT_TEAM = 6U792A794H;
				ENABLE_PREVIEWS = YES;
				INFOPLIST_FILE = Scrumdinger/Info.plist;
				IPHONEOS_DEPLOYMENT_TARGET = 14.0;
				LD_RUNPATH_SEARCH_PATHS = (
					"$(inherited)",
					"@executable_path/Frameworks",
				);
				PRODUCT_BUNDLE_IDENTIFIER = com.xho95.Scrumdinger;
				PRODUCT_NAME = "$(TARGET_NAME)";
				SWIFT_VERSION = 5.0;
				TARGETED_DEVICE_FAMILY = "1,2";
			};
			name = Debug;
		};
		16BA758D25B3CFF800836A61 /* Release */ = {
			isa = XCBuildConfiguration;
			buildSettings = {
				ASSETCATALOG_COMPILER_APPICON_NAME = AppIcon;
				ASSETCATALOG_COMPILER_GLOBAL_ACCENT_COLOR_NAME = AccentColor;
				CODE_SIGN_STYLE = Automatic;
				DEVELOPMENT_ASSET_PATHS = "\"Scrumdinger/Preview Content\"";
				DEVELOPMENT_TEAM = 6U792A794H;
				ENABLE_PREVIEWS = YES;
				INFOPLIST_FILE = Scrumdinger/Info.plist;
				IPHONEOS_DEPLOYMENT_TARGET = 14.0;
				LD_RUNPATH_SEARCH_PATHS = (
					"$(inherited)",
					"@executable_path/Frameworks",
				);
				PRODUCT_BUNDLE_IDENTIFIER = com.xho95.Scrumdinger;
				PRODUCT_NAME = "$(TARGET_NAME)";
				SWIFT_VERSION = 5.0;
				TARGETED_DEVICE_FAMILY = "1,2";
			};
			name = Release;
		};
/* End XCBuildConfiguration section */

/* Begin XCConfigurationList section */
		16BA757725B3CFF300836A61 /* Build configuration list for PBXProject "Scrumdinger" */ = {
			isa = XCConfigurationList;
			buildConfigurations = (
				16BA758925B3CFF800836A61 /* Debug */,
				16BA758A25B3CFF800836A61 /* Release */,
			);
			defaultConfigurationIsVisible = 0;
			defaultConfigurationName = Release;
		};
		16BA758B25B3CFF800836A61 /* Build configuration list for PBXNativeTarget "Scrumdinger" */ = {
			isa = XCConfigurationList;
			buildConfigurations = (
				16BA758C25B3CFF800836A61 /* Debug */,
				16BA758D25B3CFF800836A61 /* Release */,
			);
			defaultConfigurationIsVisible = 0;
			defaultConfigurationName = Release;
		};
/* End XCConfigurationList section */
	};
	rootObject = 16BA757425B3CFF300836A61 /* Project object */;
}
